
Microsoft Visual Studio Solution File, Format Version 12.00
# Visual Studio Version 17
VisualStudioVersion = 17.2.32630.192
MinimumVisualStudioVersion = 10.0.40219.1
Project("{9A19103F-16F7-4668-BE54-9A1E7A4F7556}") = "StuffTest", "StuffTest\StuffTest.csproj", "{E87A2F87-822A-450D-BD1A-62DE0527F5D4}"
EndProject
Project("{9A19103F-16F7-4668-BE54-9A1E7A4F7556}") = "StuffTest.Data", "StuffTest.Data\StuffTest.Data.csproj", "{EDA319BA-A6A2-4F69-8771-D902D1BE7E31}"
EndProject
Project("{9A19103F-16F7-4668-BE54-9A1E7A4F7556}") = "StuffTest.Model", "StuffTest.Model\StuffTest.Model.csproj", "{58E99C65-52C0-4960-97DE-1CBAA7907E75}"
EndProject
Project("{2150E333-8FDC-42A3-9474-1A3956D46DE8}") = "Solution Items", "Solution Items", "{F32C61A7-5BF2-4124-98D4-FF3B5F9965CD}"
	ProjectSection(SolutionItems) = preProject
		.gitignore = .gitignore
		README.md = README.md
	EndProjectSection
EndProject
Global
	GlobalSection(SolutionConfigurationPlatforms) = preSolution
		Debug|Any CPU = Debug|Any CPU
		Release|Any CPU = Release|Any CPU
	EndGlobalSection
	GlobalSection(ProjectConfigurationPlatforms) = postSolution
		{E87A2F87-822A-450D-BD1A-62DE0527F5D4}.Debug|Any CPU.ActiveCfg = Debug|Any CPU
		{E87A2F87-822A-450D-BD1A-62DE0527F5D4}.Debug|Any CPU.Build.0 = Debug|Any CPU
		{E87A2F87-822A-450D-BD1A-62DE0527F5D4}.Release|Any CPU.ActiveCfg = Release|Any CPU
		{E87A2F87-822A-450D-BD1A-62DE0527F5D4}.Release|Any CPU.Build.0 = Release|Any CPU
		{EDA319BA-A6A2-4F69-8771-D902D1BE7E31}.Debug|Any CPU.ActiveCfg = Debug|Any CPU
		{EDA319BA-A6A2-4F69-8771-D902D1BE7E31}.Debug|Any CPU.Build.0 = Debug|Any CPU
		{EDA319BA-A6A2-4F69-8771-D902D1BE7E31}.Release|Any CPU.ActiveCfg = Release|Any CPU
		{EDA319BA-A6A2-4F69-8771-D902D1BE7E31}.Release|Any CPU.Build.0 = Release|Any CPU
		{58E99C65-52C0-4960-97DE-1CBAA7907E75}.Debug|Any CPU.ActiveCfg = Debug|Any CPU
		{58E99C65-52C0-4960-97DE-1CBAA7907E75}.Debug|Any CPU.Build.0 = Debug|Any CPU
		{58E99C65-52C0-4960-97DE-1CBAA7907E75}.Release|Any CPU.ActiveCfg = Release|Any CPU
		{58E99C65-52C0-4960-97DE-1CBAA7907E75}.Release|Any CPU.Build.0 = Release|Any CPU
	EndGlobalSection
	GlobalSection(SolutionProperties) = preSolution
		HideSolutionNode = FALSE
	EndGlobalSection
	GlobalSection(ExtensibilityGlobals) = postSolution
		SolutionGuid = {1D91174B-E146-49E8-97F4-DADD83356241}
	EndGlobalSection
EndGlobal
